
Microsoft Visual Studio Solution File, Format Version 12.00
# Visual Studio Version 16
VisualStudioVersion = 16.0.29306.81
MinimumVisualStudioVersion = 10.0.40219.1
Project("{FAE04EC0-301F-11D3-BF4B-00C04F79EFBC}") = "CommunityScheduler", "CommunityScheduler\CommunityScheduler.csproj", "{F5093471-524C-4092-9262-3C3AE03C4A20}"
EndProject
Project("{FAE04EC0-301F-11D3-BF4B-00C04F79EFBC}") = "CommunityScheduler.UnitTests", "CommunityScheduler.UnitTests\CommunityScheduler.UnitTests.csproj", "{EEC83D8E-D7C4-4906-92EC-CFB3E9547296}"
EndProject
Project("{FAE04EC0-301F-11D3-BF4B-00C04F79EFBC}") = "CommunityScheduler.WebApi", "CommunityScheduler.WebApi\CommunityScheduler.WebApi.csproj", "{C4003432-4256-4623-9CE2-B64BF878B3A8}"
EndProject
Global
	GlobalSection(SolutionConfigurationPlatforms) = preSolution
		Debug|Any CPU = Debug|Any CPU
		Release|Any CPU = Release|Any CPU
	EndGlobalSection
	GlobalSection(ProjectConfigurationPlatforms) = postSolution
		{F5093471-524C-4092-9262-3C3AE03C4A20}.Debug|Any CPU.ActiveCfg = Debug|Any CPU
		{F5093471-524C-4092-9262-3C3AE03C4A20}.Debug|Any CPU.Build.0 = Debug|Any CPU
		{F5093471-524C-4092-9262-3C3AE03C4A20}.Release|Any CPU.ActiveCfg = Release|Any CPU
		{F5093471-524C-4092-9262-3C3AE03C4A20}.Release|Any CPU.Build.0 = Release|Any CPU
		{EEC83D8E-D7C4-4906-92EC-CFB3E9547296}.Debug|Any CPU.ActiveCfg = Debug|Any CPU
		{EEC83D8E-D7C4-4906-92EC-CFB3E9547296}.Debug|Any CPU.Build.0 = Debug|Any CPU
		{EEC83D8E-D7C4-4906-92EC-CFB3E9547296}.Release|Any CPU.ActiveCfg = Release|Any CPU
		{EEC83D8E-D7C4-4906-92EC-CFB3E9547296}.Release|Any CPU.Build.0 = Release|Any CPU
		{C4003432-4256-4623-9CE2-B64BF878B3A8}.Debug|Any CPU.ActiveCfg = Debug|Any CPU
		{C4003432-4256-4623-9CE2-B64BF878B3A8}.Debug|Any CPU.Build.0 = Debug|Any CPU
		{C4003432-4256-4623-9CE2-B64BF878B3A8}.Release|Any CPU.ActiveCfg = Release|Any CPU
		{C4003432-4256-4623-9CE2-B64BF878B3A8}.Release|Any CPU.Build.0 = Release|Any CPU
	EndGlobalSection
	GlobalSection(SolutionProperties) = preSolution
		HideSolutionNode = FALSE
	EndGlobalSection
	GlobalSection(ExtensibilityGlobals) = postSolution
		SolutionGuid = {34EA90C3-FB37-4E27-9B4E-72D899A7E9AE}
	EndGlobalSection
EndGlobal
